
Microsoft Visual Studio Solution File, Format Version 12.00
# Visual Studio Version 17
VisualStudioVersion = 17.0.32112.339
MinimumVisualStudioVersion = 10.0.40219.1
Project("{FAE04EC0-301F-11D3-BF4B-00C04F79EFBC}") = "EmpWage", "EmpWage\EmpWage.csproj", "{5A9A5E07-97C2-44FC-8334-2C8FB8C02E1D}"
EndProject
Global
	GlobalSection(SolutionConfigurationPlatforms) = preSolution
		Debug|Any CPU = Debug|Any CPU
		Release|Any CPU = Release|Any CPU
	EndGlobalSection
	GlobalSection(ProjectConfigurationPlatforms) = postSolution
		{5A9A5E07-97C2-44FC-8334-2C8FB8C02E1D}.Debug|Any CPU.ActiveCfg = Debug|Any CPU
		{5A9A5E07-97C2-44FC-8334-2C8FB8C02E1D}.Debug|Any CPU.Build.0 = Debug|Any CPU
		{5A9A5E07-97C2-44FC-8334-2C8FB8C02E1D}.Release|Any CPU.ActiveCfg = Release|Any CPU
		{5A9A5E07-97C2-44FC-8334-2C8FB8C02E1D}.Release|Any CPU.Build.0 = Release|Any CPU
	EndGlobalSection
	GlobalSection(SolutionProperties) = preSolution
		HideSolutionNode = FALSE
	EndGlobalSection
	GlobalSection(ExtensibilityGlobals) = postSolution
		SolutionGuid = {33D7F0BC-A58E-4FB8-B95E-979AC1A11C13}
	EndGlobalSection
EndGlobal
